
Microsoft Visual Studio Solution File, Format Version 12.00
# Visual Studio Version 16
VisualStudioVersion = 16.0.31729.503
MinimumVisualStudioVersion = 10.0.40219.1
Project("{9A19103F-16F7-4668-BE54-9A1E7A4F7556}") = "WebApplication_proiect", "WebApplication_proiect\WebApplication_proiect.csproj", "{ACAF87BE-ACEC-4B88-9869-CBE37C8DB3FA}"
EndProject
Project("{9A19103F-16F7-4668-BE54-9A1E7A4F7556}") = "WebApplication_proiect.DAL", "WebApplication_proiect.DAL\WebApplication_proiect.DAL.csproj", "{BBD9365D-BBB5-42CD-A4F2-221E00BEE40D}"
EndProject
Project("{FAE04EC0-301F-11D3-BF4B-00C04F79EFBC}") = "WebApplication_proiect.BLL", "WebApplication_proiect.BLL\WebApplication_proiect.BLL.csproj", "{40CD86C6-8878-4AB3-86D3-43972398B73C}"
EndProject
Global
	GlobalSection(SolutionConfigurationPlatforms) = preSolution
		Debug|Any CPU = Debug|Any CPU
		Release|Any CPU = Release|Any CPU
	EndGlobalSection
	GlobalSection(ProjectConfigurationPlatforms) = postSolution
		{ACAF87BE-ACEC-4B88-9869-CBE37C8DB3FA}.Debug|Any CPU.ActiveCfg = Debug|Any CPU
		{ACAF87BE-ACEC-4B88-9869-CBE37C8DB3FA}.Debug|Any CPU.Build.0 = Debug|Any CPU
		{ACAF87BE-ACEC-4B88-9869-CBE37C8DB3FA}.Release|Any CPU.ActiveCfg = Release|Any CPU
		{ACAF87BE-ACEC-4B88-9869-CBE37C8DB3FA}.Release|Any CPU.Build.0 = Release|Any CPU
		{BBD9365D-BBB5-42CD-A4F2-221E00BEE40D}.Debug|Any CPU.ActiveCfg = Debug|Any CPU
		{BBD9365D-BBB5-42CD-A4F2-221E00BEE40D}.Debug|Any CPU.Build.0 = Debug|Any CPU
		{BBD9365D-BBB5-42CD-A4F2-221E00BEE40D}.Release|Any CPU.ActiveCfg = Release|Any CPU
		{BBD9365D-BBB5-42CD-A4F2-221E00BEE40D}.Release|Any CPU.Build.0 = Release|Any CPU
		{40CD86C6-8878-4AB3-86D3-43972398B73C}.Debug|Any CPU.ActiveCfg = Debug|Any CPU
		{40CD86C6-8878-4AB3-86D3-43972398B73C}.Debug|Any CPU.Build.0 = Debug|Any CPU
		{40CD86C6-8878-4AB3-86D3-43972398B73C}.Release|Any CPU.ActiveCfg = Release|Any CPU
		{40CD86C6-8878-4AB3-86D3-43972398B73C}.Release|Any CPU.Build.0 = Release|Any CPU
	EndGlobalSection
	GlobalSection(SolutionProperties) = preSolution
		HideSolutionNode = FALSE
	EndGlobalSection
	GlobalSection(ExtensibilityGlobals) = postSolution
		SolutionGuid = {743D8A03-4BCB-48DE-8536-727E349C0120}
	EndGlobalSection
EndGlobal
